// !$*UTF8*$!
{
	archiveVersion = 1;
	classes = {
	};
	objectVersion = 46;
	objects = {

/* Begin PBXBuildFile section */
		C9F3B2C91ECC47640000D709 /* AppDelegate.swift in Sources */ = {isa = PBXBuildFile; fileRef = C9F3B2C81ECC47640000D709 /* AppDelegate.swift */; };
		C9F3B2CB1ECC47640000D709 /* ViewController.swift in Sources */ = {isa = PBXBuildFile; fileRef = C9F3B2CA1ECC47640000D709 /* ViewController.swift */; };
		C9F3B2CE1ECC47640000D709 /* Main.storyboard in Resources */ = {isa = PBXBuildFile; fileRef = C9F3B2CC1ECC47640000D709 /* Main.storyboard */; };
		C9F3B2D01ECC47640000D709 /* Assets.xcassets in Resources */ = {isa = PBXBuildFile; fileRef = C9F3B2CF1ECC47640000D709 /* Assets.xcassets */; };
		C9F3B2D31ECC47640000D709 /* LaunchScreen.storyboard in Resources */ = {isa = PBXBuildFile; fileRef = C9F3B2D11ECC47640000D709 /* LaunchScreen.storyboard */; };
/* End PBXBuildFile section */

/* Begin PBXFileReference section */
		C9F3B2C51ECC47640000D709 /* ClassworkTimetable.app */ = {isa = PBXFileReference; explicitFileType = wrapper.application; includeInIndex = 0; path = ClassworkTimetable.app; sourceTree = BUILT_PRODUCTS_DIR; };
		C9F3B2C81ECC47640000D709 /* AppDelegate.swift */ = {isa = PBXFileReference; lastKnownFileType = sourcecode.swift; path = AppDelegate.swift; sourceTree = "<group>"; };
		C9F3B2CA1ECC47640000D709 /* ViewController.swift */ = {isa = PBXFileReference; lastKnownFileType = sourcecode.swift; path = ViewController.swift; sourceTree = "<group>"; };
		C9F3B2CD1ECC47640000D709 /* Base */ = {isa = PBXFileReference; lastKnownFileType = file.storyboard; name = Base; path = Base.lproj/Main.storyboard; sourceTree = "<group>"; };
		C9F3B2CF1ECC47640000D709 /* Assets.xcassets */ = {isa = PBXFileReference; lastKnownFileType = folder.assetcatalog; path = Assets.xcassets; sourceTree = "<group>"; };
		C9F3B2D21ECC47640000D709 /* Base */ = {isa = PBXFileReference; lastKnownFileType = file.storyboard; name = Base; path = Base.lproj/LaunchScreen.storyboard; sourceTree = "<group>"; };
		C9F3B2D41ECC47640000D709 /* Info.plist */ = {isa = PBXFileReference; lastKnownFileType = text.plist.xml; path = Info.plist; sourceTree = "<group>"; };
/* End PBXFileReference section */

/* Begin PBXFrameworksBuildPhase section */
		C9F3B2C21ECC47640000D709 /* Frameworks */ = {
			isa = PBXFrameworksBuildPhase;
			buildActionMask = 2147483647;
			files = (
			);
			runOnlyForDeploymentPostprocessing = 0;
		};
/* End PBXFrameworksBuildPhase section */

/* Begin PBXGroup section */
		C9F3B2BC1ECC47640000D709 = {
			isa = PBXGroup;
			children = (
				C9F3B2C71ECC47640000D709 /* ClassworkTimetable */,
				C9F3B2C61ECC47640000D709 /* Products */,
			);
			sourceTree = "<group>";
		};
		C9F3B2C61ECC47640000D709 /* Products */ = {
			isa = PBXGroup;
			children = (
				C9F3B2C51ECC47640000D709 /* ClassworkTimetable.app */,
			);
			name = Products;
			sourceTree = "<group>";
		};
		C9F3B2C71ECC47640000D709 /* ClassworkTimetable */ = {
			isa = PBXGroup;
			children = (
				C9F3B2C81ECC47640000D709 /* AppDelegate.swift */,
				C9F3B2CA1ECC47640000D709 /* ViewController.swift */,
				C9F3B2CC1ECC47640000D709 /* Main.storyboard */,
				C9F3B2CF1ECC47640000D709 /* Assets.xcassets */,
				C9F3B2D11ECC47640000D709 /* LaunchScreen.storyboard */,
				C9F3B2D41ECC47640000D709 /* Info.plist */,
			);
			path = ClassworkTimetable;
			sourceTree = "<group>";
		};
/* End PBXGroup section */

/* Begin PBXNativeTarget section */
		C9F3B2C41ECC47640000D709 /* ClassworkTimetable */ = {
			isa = PBXNativeTarget;
			buildConfigurationList = C9F3B2D71ECC47640000D709 /* Build configuration list for PBXNativeTarget "ClassworkTimetable" */;
			buildPhases = (
				C9F3B2C11ECC47640000D709 /* Sources */,
				C9F3B2C21ECC47640000D709 /* Frameworks */,
				C9F3B2C31ECC47640000D709 /* Resources */,
			);
			buildRules = (
			);
			dependencies = (
			);
			name = ClassworkTimetable;
			productName = ClassworkTimetable;
			productReference = C9F3B2C51ECC47640000D709 /* ClassworkTimetable.app */;
			productType = "com.apple.product-type.application";
		};
/* End PBXNativeTarget section */

/* Begin PBXProject section */
		C9F3B2BD1ECC47640000D709 /* Project object */ = {
			isa = PBXProject;
			attributes = {
				LastSwiftUpdateCheck = 0830;
				LastUpgradeCheck = 0830;
				ORGANIZATIONNAME = Taillook;
				TargetAttributes = {
					C9F3B2C41ECC47640000D709 = {
						CreatedOnToolsVersion = 8.3.2;
						DevelopmentTeam = YS65CTH2V7;
						ProvisioningStyle = Automatic;
					};
				};
			};
			buildConfigurationList = C9F3B2C01ECC47640000D709 /* Build configuration list for PBXProject "ClassworkTimetable" */;
			compatibilityVersion = "Xcode 3.2";
			developmentRegion = English;
			hasScannedForEncodings = 0;
			knownRegions = (
				en,
				Base,
			);
			mainGroup = C9F3B2BC1ECC47640000D709;
			productRefGroup = C9F3B2C61ECC47640000D709 /* Products */;
			projectDirPath = "";
			projectRoot = "";
			targets = (
				C9F3B2C41ECC47640000D709 /* ClassworkTimetable */,
			);
		};
/* End PBXProject section */

/* Begin PBXResourcesBuildPhase section */
		C9F3B2C31ECC47640000D709 /* Resources */ = {
			isa = PBXResourcesBuildPhase;
			buildActionMask = 2147483647;
			files = (
				C9F3B2D31ECC47640000D709 /* LaunchScreen.storyboard in Resources */,
				C9F3B2D01ECC47640000D709 /* Assets.xcassets in Resources */,
				C9F3B2CE1ECC47640000D709 /* Main.storyboard in Resources */,
			);
			runOnlyForDeploymentPostprocessing = 0;
		};
/* End PBXResourcesBuildPhase section */

/* Begin PBXSourcesBuildPhase section */
		C9F3B2C11ECC47640000D709 /* Sources */ = {
			isa = PBXSourcesBuildPhase;
			buildActionMask = 2147483647;
			files = (
				C9F3B2CB1ECC47640000D709 /* ViewController.swift in Sources */,
				C9F3B2C91ECC47640000D709 /* AppDelegate.swift in Sources */,
			);
			runOnlyForDeploymentPostprocessing = 0;
		};
/* End PBXSourcesBuildPhase section */

/* Begin PBXVariantGroup section */
		C9F3B2CC1ECC47640000D709 /* Main.storyboard */ = {
			isa = PBXVariantGroup;
			children = (
				C9F3B2CD1ECC47640000D709 /* Base */,
			);
			name = Main.storyboard;
			sourceTree = "<group>";
		};
		C9F3B2D11ECC47640000D709 /* LaunchScreen.storyboard */ = {
			isa = PBXVariantGroup;
			children = (
				C9F3B2D21ECC47640000D709 /* Base */,
			);
			name = LaunchScreen.storyboard;
			sourceTree = "<group>";
		};
/* End PBXVariantGroup section */

/* Begin XCBuildConfiguration section */
		C9F3B2D51ECC47640000D709 /* Debug */ = {
			isa = XCBuildConfiguration;
			buildSettings = {
				ALWAYS_SEARCH_USER_PATHS = NO;
				CLANG_ANALYZER_NONNULL = YES;
				CLANG_ANALYZER_NUMBER_OBJECT_CONVERSION = YES_AGGRESSIVE;
				CLANG_CXX_LANGUAGE_STANDARD = "gnu++0x";
				CLANG_CXX_LIBRARY = "libc++";
				CLANG_ENABLE_MODULES = YES;
				CLANG_ENABLE_OBJC_ARC = YES;
				CLANG_WARN_BOOL_CONVERSION = YES;
				CLANG_WARN_CONSTANT_CONVERSION = YES;
				CLANG_WARN_DIRECT_OBJC_ISA_USAGE = YES_ERROR;
				CLANG_WARN_DOCUMENTATION_COMMENTS = YES;
				CLANG_WARN_EMPTY_BODY = YES;
				CLANG_WARN_ENUM_CONVERSION = YES;
				CLANG_WARN_INFINITE_RECURSION = YES;
				CLANG_WARN_INT_CONVERSION = YES;
				CLANG_WARN_OBJC_ROOT_CLASS = YES_ERROR;
				CLANG_WARN_SUSPICIOUS_MOVE = YES;
				CLANG_WARN_UNREACHABLE_CODE = YES;
				CLANG_WARN__DUPLICATE_METHOD_MATCH = YES;
				"CODE_SIGN_IDENTITY[sdk=iphoneos*]" = "iPhone Developer";
				COPY_PHASE_STRIP = NO;
				DEBUG_INFORMATION_FORMAT = dwarf;
				ENABLE_STRICT_OBJC_MSGSEND = YES;
				ENABLE_TESTABILITY = YES;
				GCC_C_LANGUAGE_STANDARD = gnu99;
				GCC_DYNAMIC_NO_PIC = NO;
				GCC_NO_COMMON_BLOCKS = YES;
				GCC_OPTIMIZATION_LEVEL = 0;
				GCC_PREPROCESSOR_DEFINITIONS = (
					"DEBUG=1",
					"$(inherited)",
				);
				GCC_WARN_64_TO_32_BIT_CONVERSION = YES;
				GCC_WARN_ABOUT_RETURN_TYPE = YES_ERROR;
				GCC_WARN_UNDECLARED_SELECTOR = YES;
				GCC_WARN_UNINITIALIZED_AUTOS = YES_AGGRESSIVE;
				GCC_WARN_UNUSED_FUNCTION = YES;
				GCC_WARN_UNUSED_VARIABLE = YES;
				IPHONEOS_DEPLOYMENT_TARGET = 10.3;
				MTL_ENABLE_DEBUG_INFO = YES;
				ONLY_ACTIVE_ARCH = YES;
				SDKROOT = iphoneos;
				SWIFT_ACTIVE_COMPILATION_CONDITIONS = DEBUG;
				SWIFT_OPTIMIZATION_LEVEL = "-Onone";
			};
			name = Debug;
		};
		C9F3B2D61ECC47640000D709 /* Release */ = {
			isa = XCBuildConfiguration;
			buildSettings = {
				ALWAYS_SEARCH_USER_PATHS = NO;
				CLANG_ANALYZER_NONNULL = YES;
				CLANG_ANALYZER_NUMBER_OBJECT_CONVERSION = YES_AGGRESSIVE;
				CLANG_CXX_LANGUAGE_STANDARD = "gnu++0x";
				CLANG_CXX_LIBRARY = "libc++";
				CLANG_ENABLE_MODULES = YES;
				CLANG_ENABLE_OBJC_ARC = YES;
				CLANG_WARN_BOOL_CONVERSION = YES;
				CLANG_WARN_CONSTANT_CONVERSION = YES;
				CLANG_WARN_DIRECT_OBJC_ISA_USAGE = YES_ERROR;
				CLANG_WARN_DOCUMENTATION_COMMENTS = YES;
				CLANG_WARN_EMPTY_BODY = YES;
				CLANG_WARN_ENUM_CONVERSION = YES;
				CLANG_WARN_INFINITE_RECURSION = YES;
				CLANG_WARN_INT_CONVERSION = YES;
				CLANG_WARN_OBJC_ROOT_CLASS = YES_ERROR;
				CLANG_WARN_SUSPICIOUS_MOVE = YES;
				CLANG_WARN_UNREACHABLE_CODE = YES;
				CLANG_WARN__DUPLICATE_METHOD_MATCH = YES;
				"CODE_SIGN_IDENTITY[sdk=iphoneos*]" = "iPhone Developer";
				COPY_PHASE_STRIP = NO;
				DEBUG_INFORMATION_FORMAT = "dwarf-with-dsym";
				ENABLE_NS_ASSERTIONS = NO;
				ENABLE_STRICT_OBJC_MSGSEND = YES;
				GCC_C_LANGUAGE_STANDARD = gnu99;
				GCC_NO_COMMON_BLOCKS = YES;
				GCC_WARN_64_TO_32_BIT_CONVERSION = YES;
				GCC_WARN_ABOUT_RETURN_TYPE = YES_ERROR;
				GCC_WARN_UNDECLARED_SELECTOR = YES;
				GCC_WARN_UNINITIALIZED_AUTOS = YES_AGGRESSIVE;
				GCC_WARN_UNUSED_FUNCTION = YES;
				GCC_WARN_UNUSED_VARIABLE = YES;
				IPHONEOS_DEPLOYMENT_TARGET = 10.3;
				MTL_ENABLE_DEBUG_INFO = NO;
				SDKROOT = iphoneos;
				SWIFT_OPTIMIZATION_LEVEL = "-Owholemodule";
				VALIDATE_PRODUCT = YES;
			};
			name = Release;
		};
		C9F3B2D81ECC47640000D709 /* Debug */ = {
			isa = XCBuildConfiguration;
			buildSettings = {
				ASSETCATALOG_COMPILER_APPICON_NAME = AppIcon;
				DEVELOPMENT_TEAM = YS65CTH2V7;
				INFOPLIST_FILE = ClassworkTimetable/Info.plist;
				LD_RUNPATH_SEARCH_PATHS = "$(inherited) @executable_path/Frameworks";
				PRODUCT_BUNDLE_IDENTIFIER = net.grapebread.ClassworkTimetable;
				PRODUCT_NAME = "$(TARGET_NAME)";
				SWIFT_VERSION = 3.0;
			};
			name = Debug;
		};
		C9F3B2D91ECC47640000D709 /* Release */ = {
			isa = XCBuildConfiguration;
			buildSettings = {
				ASSETCATALOG_COMPILER_APPICON_NAME = AppIcon;
				DEVELOPMENT_TEAM = YS65CTH2V7;
				INFOPLIST_FILE = ClassworkTimetable/Info.plist;
				LD_RUNPATH_SEARCH_PATHS = "$(inherited) @executable_path/Frameworks";
				PRODUCT_BUNDLE_IDENTIFIER = net.grapebread.ClassworkTimetable;
				PRODUCT_NAME = "$(TARGET_NAME)";
				SWIFT_VERSION = 3.0;
			};
			name = Release;
		};
/* End XCBuildConfiguration section */

/* Begin XCConfigurationList section */
		C9F3B2C01ECC47640000D709 /* Build configuration list for PBXProject "ClassworkTimetable" */ = {
			isa = XCConfigurationList;
			buildConfigurations = (
				C9F3B2D51ECC47640000D709 /* Debug */,
				C9F3B2D61ECC47640000D709 /* Release */,
			);
			defaultConfigurationIsVisible = 0;
			defaultConfigurationName = Release;
		};
		C9F3B2D71ECC47640000D709 /* Build configuration list for PBXNativeTarget "ClassworkTimetable" */ = {
			isa = XCConfigurationList;
			buildConfigurations = (
				C9F3B2D81ECC47640000D709 /* Debug */,
				C9F3B2D91ECC47640000D709 /* Release */,
			);
			defaultConfigurationIsVisible = 0;
		};
/* End XCConfigurationList section */
	};
	rootObject = C9F3B2BD1ECC47640000D709 /* Project object */;
}
